{
  "name": "o-os",
  "version": "1.0.0",
  "lockfileVersion": 1,
  "requires": true,
  "dependencies": {
    "o-types": {
      "version": "file:../o-types"
    },
    "o-views": {
      "version": "file:../o-views",
      "requires": {
        "o-types": "file:../o-types"
      },
      "dependencies": {
        "o-types": {
          "version": "file:../o-types"
        }
      }
    }
  }
}
